
Microsoft Visual Studio Solution File, Format Version 12.00
# Visual Studio 14
VisualStudioVersion = 14.0.25420.1
MinimumVisualStudioVersion = 10.0.40219.1
Project("{FAE04EC0-301F-11D3-BF4B-00C04F79EFBC}") = "Break List", "Break List\Break List.csproj", "{1BB75A1F-89A3-4E48-BA33-04946C548E18}"
EndProject
Global
	GlobalSection(SolutionConfigurationPlatforms) = preSolution
		Debug|Any CPU = Debug|Any CPU
		Release|Any CPU = Release|Any CPU
	EndGlobalSection
	GlobalSection(ProjectConfigurationPlatforms) = postSolution
		{1BB75A1F-89A3-4E48-BA33-04946C548E18}.Debug|Any CPU.ActiveCfg = Debug|Any CPU
		{1BB75A1F-89A3-4E48-BA33-04946C548E18}.Debug|Any CPU.Build.0 = Debug|Any CPU
		{1BB75A1F-89A3-4E48-BA33-04946C548E18}.Release|Any CPU.ActiveCfg = Release|Any CPU
		{1BB75A1F-89A3-4E48-BA33-04946C548E18}.Release|Any CPU.Build.0 = Release|Any CPU
	EndGlobalSection
	GlobalSection(SolutionProperties) = preSolution
		HideSolutionNode = FALSE
	EndGlobalSection
EndGlobal
